
Microsoft Visual Studio Solution File, Format Version 12.00
# Visual Studio Version 17
VisualStudioVersion = 17.5.33414.496
MinimumVisualStudioVersion = 10.0.40219.1
Project("{FAE04EC0-301F-11D3-BF4B-00C04F79EFBC}") = "HelloWorld", "HelloWorld.csproj", "{654A350A-FBF0-44E8-820D-BF9B5127D53E}"
EndProject
Global
	GlobalSection(SolutionConfigurationPlatforms) = preSolution
		Debug|Any CPU = Debug|Any CPU
		Release|Any CPU = Release|Any CPU
	EndGlobalSection
	GlobalSection(ProjectConfigurationPlatforms) = postSolution
		{654A350A-FBF0-44E8-820D-BF9B5127D53E}.Debug|Any CPU.ActiveCfg = Debug|Any CPU
		{654A350A-FBF0-44E8-820D-BF9B5127D53E}.Debug|Any CPU.Build.0 = Debug|Any CPU
		{654A350A-FBF0-44E8-820D-BF9B5127D53E}.Release|Any CPU.ActiveCfg = Release|Any CPU
		{654A350A-FBF0-44E8-820D-BF9B5127D53E}.Release|Any CPU.Build.0 = Release|Any CPU
	EndGlobalSection
	GlobalSection(SolutionProperties) = preSolution
		HideSolutionNode = FALSE
	EndGlobalSection
	GlobalSection(ExtensibilityGlobals) = postSolution
		SolutionGuid = {B91F5271-51BC-471A-AA93-3C9DB5A1D27A}
	EndGlobalSection
EndGlobal
